---
lockfileVersion: 1
lockfileVendor: redhat
arches:
- arch: aarch64
  packages:
  - url: https://cdn-ubi.redhat.com/content/public/ubi/dist/ubi9/9/aarch64/appstream/os/Packages/o/openblas-0.3.29-1.el9.aarch64.rpm
    repoid: ubi-9-appstream-rpms
    size: 43101
    checksum: sha256:36da31a22dd56a05028ff4f0eac750164174f806abb30831840b969cc6bb19c6
    name: openblas
    evr: 0.3.29-1.el9
    sourcerpm: openblas-0.3.29-1.el9.src.rpm
  - url: https://cdn-ubi.redhat.com/content/public/ubi/dist/ubi9/9/aarch64/appstream/os/Packages/o/openblas-openmp-0.3.29-1.el9.aarch64.rpm
    repoid: ubi-9-appstream-rpms
    size: 3832949
    checksum: sha256:0bd8dbcc9d7eff7d81dc7348abd47f33dfa8279c251f9c6d61d42cf7eb0b9f05
    name: openblas-openmp
    evr: 0.3.29-1.el9
    sourcerpm: openblas-0.3.29-1.el9.src.rpm
  - url: https://cdn-ubi.redhat.com/content/public/ubi/dist/ubi9/9/aarch64/appstream/os/Packages/o/openblas-openmp64-0.3.29-1.el9.aarch64.rpm
    repoid: ubi-9-appstream-rpms
    size: 3742749
    checksum: sha256:cf40c456eb5819c9ba5afe4c5cfa9a5a831d2952284fde6f9716c7f44824c788
    name: openblas-openmp64
    evr: 0.3.29-1.el9
    sourcerpm: openblas-0.3.29-1.el9.src.rpm
  - url: https://cdn-ubi.redhat.com/content/public/ubi/dist/ubi9/9/aarch64/appstream/os/Packages/o/openblas-serial-0.3.29-1.el9.aarch64.rpm
    repoid: ubi-9-appstream-rpms
    size: 3688163
    checksum: sha256:6deb8f4b2d6203d7eae64d0c542272e4e54ee240b4db4b533924b2f10d5792b5
    name: openblas-serial
    evr: 0.3.29-1.el9
    sourcerpm: openblas-0.3.29-1.el9.src.rpm
  - url: https://cdn-ubi.redhat.com/content/public/ubi/dist/ubi9/9/aarch64/codeready-builder/os/Packages/o/openblas-devel-0.3.29-1.el9.aarch64.rpm
    repoid: ubi-9-codeready-builder-rpms
    size: 85411
    checksum: sha256:165c1065ffaf1c919042c6f02a1c53619903534c24057fbcefb69de269bd6ea7
    name: openblas-devel
    evr: 0.3.29-1.el9
    sourcerpm: openblas-0.3.29-1.el9.src.rpm
  - url: https://cdn-ubi.redhat.com/content/public/ubi/dist/ubi9/9/aarch64/codeready-builder/os/Packages/o/openblas-openmp64_-0.3.29-1.el9.aarch64.rpm
    repoid: ubi-9-codeready-builder-rpms
    size: 3731551
    checksum: sha256:975e607e1d7aa51edc4b1c4b5657c46578aea2584e44fff5d195858de7e40ebf
    name: openblas-openmp64_
    evr: 0.3.29-1.el9
    sourcerpm: openblas-0.3.29-1.el9.src.rpm
  - url: https://cdn-ubi.redhat.com/content/public/ubi/dist/ubi9/9/aarch64/codeready-builder/os/Packages/o/openblas-serial64-0.3.29-1.el9.aarch64.rpm
    repoid: ubi-9-codeready-builder-rpms
    size: 3595123
    checksum: sha256:805c6981f69cc060e5222121fa0a887c50bf69f5e3f4cf8874236b2341db2173
    name: openblas-serial64
    evr: 0.3.29-1.el9
    sourcerpm: openblas-0.3.29-1.el9.src.rpm
  - url: https://cdn-ubi.redhat.com/content/public/ubi/dist/ubi9/9/aarch64/codeready-builder/os/Packages/o/openblas-serial64_-0.3.29-1.el9.aarch64.rpm
    repoid: ubi-9-codeready-builder-rpms
    size: 3587567
    checksum: sha256:b1460d7c05d501fed31c49f9ccbb020ca4f1b18a5099d65feeacadb6f7573551
    name: openblas-serial64_
    evr: 0.3.29-1.el9
    sourcerpm: openblas-0.3.29-1.el9.src.rpm
  - url: https://cdn-ubi.redhat.com/content/public/ubi/dist/ubi9/9/aarch64/codeready-builder/os/Packages/o/openblas-threads-0.3.29-1.el9.aarch64.rpm
    repoid: ubi-9-codeready-builder-rpms
    size: 3825499
    checksum: sha256:bf39666abbcf73859d258ffd63ad9b94f4cac346aa407454e971f527db2f0e76
    name: openblas-threads
    evr: 0.3.29-1.el9
    sourcerpm: openblas-0.3.29-1.el9.src.rpm
  - url: https://cdn-ubi.redhat.com/content/public/ubi/dist/ubi9/9/aarch64/codeready-builder/os/Packages/o/openblas-threads64-0.3.29-1.el9.aarch64.rpm
    repoid: ubi-9-codeready-builder-rpms
    size: 3726007
    checksum: sha256:c0f5d609b62ba63533e8536272f33bee1800be2fda846b09bdb4ed9e72356d55
    name: openblas-threads64
    evr: 0.3.29-1.el9
    sourcerpm: openblas-0.3.29-1.el9.src.rpm
  - url: https://cdn-ubi.redhat.com/content/public/ubi/dist/ubi9/9/aarch64/codeready-builder/os/Packages/o/openblas-threads64_-0.3.29-1.el9.aarch64.rpm
    repoid: ubi-9-codeready-builder-rpms
    size: 3723302
    checksum: sha256:3fba396f9d122cec7328c4085310506686c5a3cc7edede112bd4fd54e12043da
    name: openblas-threads64_
    evr: 0.3.29-1.el9
    sourcerpm: openblas-0.3.29-1.el9.src.rpm
  source:
  - url: https://cdn-ubi.redhat.com/content/public/ubi/dist/ubi9/9/aarch64/appstream/source/SRPMS/Packages/o/openblas-0.3.29-1.el9.src.rpm
    repoid: ubi-9-appstream-source-rpms
    size: 23777279
    checksum: sha256:4a1fd34e0b3bf712dc3810823ec4c57df6806c6110d30d160ffc91face8f80bd
    name: openblas
    evr: 0.3.29-1.el9
  module_metadata: []
- arch: ppc64le
  packages:
  - url: https://cdn-ubi.redhat.com/content/public/ubi/dist/ubi9/9/ppc64le/appstream/os/Packages/o/openblas-0.3.29-1.el9.ppc64le.rpm
    repoid: ubi-9-appstream-rpms
    size: 43121
    checksum: sha256:46d0525be8d2581a2e4cad8d25413171df8b5c504b2b43014a92e49abe081983
    name: openblas
    evr: 0.3.29-1.el9
    sourcerpm: openblas-0.3.29-1.el9.src.rpm
  - url: https://cdn-ubi.redhat.com/content/public/ubi/dist/ubi9/9/ppc64le/appstream/os/Packages/o/openblas-openmp-0.3.29-1.el9.ppc64le.rpm
    repoid: ubi-9-appstream-rpms
    size: 4664908
    checksum: sha256:293331df0dc03e78d1efe3014116fe27f51da94322080cb3be35b44f67dc6314
    name: openblas-openmp
    evr: 0.3.29-1.el9
    sourcerpm: openblas-0.3.29-1.el9.src.rpm
  - url: https://cdn-ubi.redhat.com/content/public/ubi/dist/ubi9/9/ppc64le/appstream/os/Packages/o/openblas-openmp64-0.3.29-1.el9.ppc64le.rpm
    repoid: ubi-9-appstream-rpms
    size: 4605591
    checksum: sha256:3ae0457d6c672ff2544cdadead90b14a2d5e7087aa92cfba835b556a36bb7e30
    name: openblas-openmp64
    evr: 0.3.29-1.el9
    sourcerpm: openblas-0.3.29-1.el9.src.rpm
  - url: https://cdn-ubi.redhat.com/content/public/ubi/dist/ubi9/9/ppc64le/appstream/os/Packages/o/openblas-serial-0.3.29-1.el9.ppc64le.rpm
    repoid: ubi-9-appstream-rpms
    size: 4493607
    checksum: sha256:6b6806dd032b19c9a805880afe3d682b4322af6c9bd7b321cc469102d6465626
    name: openblas-serial
    evr: 0.3.29-1.el9
    sourcerpm: openblas-0.3.29-1.el9.src.rpm
  - url: https://cdn-ubi.redhat.com/content/public/ubi/dist/ubi9/9/ppc64le/codeready-builder/os/Packages/o/openblas-devel-0.3.29-1.el9.ppc64le.rpm
    repoid: ubi-9-codeready-builder-rpms
    size: 85407
    checksum: sha256:1181aff1abbadf07400244759b75ef578c76029563ae2ab0e7813589762848fd
    name: openblas-devel
    evr: 0.3.29-1.el9
    sourcerpm: openblas-0.3.29-1.el9.src.rpm
  - url: https://cdn-ubi.redhat.com/content/public/ubi/dist/ubi9/9/ppc64le/codeready-builder/os/Packages/o/openblas-openmp64_-0.3.29-1.el9.ppc64le.rpm
    repoid: ubi-9-codeready-builder-rpms
    size: 4599230
    checksum: sha256:4f9c9b453059c8eb29409a5b1f87ae57245db99a0eeca96ea829513e8dea5d94
    name: openblas-openmp64_
    evr: 0.3.29-1.el9
    sourcerpm: openblas-0.3.29-1.el9.src.rpm
  - url: https://cdn-ubi.redhat.com/content/public/ubi/dist/ubi9/9/ppc64le/codeready-builder/os/Packages/o/openblas-serial64-0.3.29-1.el9.ppc64le.rpm
    repoid: ubi-9-codeready-builder-rpms
    size: 4444705
    checksum: sha256:db21817a649485369ac8e5c79d5e98e45eb76c4b0751c277d3b70eee1b8dfa0f
    name: openblas-serial64
    evr: 0.3.29-1.el9
    sourcerpm: openblas-0.3.29-1.el9.src.rpm
  - url: https://cdn-ubi.redhat.com/content/public/ubi/dist/ubi9/9/ppc64le/codeready-builder/os/Packages/o/openblas-serial64_-0.3.29-1.el9.ppc64le.rpm
    repoid: ubi-9-codeready-builder-rpms
    size: 4431313
    checksum: sha256:4f1c8c8b841beee7c0c457e63fac338637ebf0f0a20c43a60ce1e06c2afe76b3
    name: openblas-serial64_
    evr: 0.3.29-1.el9
    sourcerpm: openblas-0.3.29-1.el9.src.rpm
  - url: https://cdn-ubi.redhat.com/content/public/ubi/dist/ubi9/9/ppc64le/codeready-builder/os/Packages/o/openblas-threads-0.3.29-1.el9.ppc64le.rpm
    repoid: ubi-9-codeready-builder-rpms
    size: 4652547
    checksum: sha256:040dd5e1c29140acefd8210cef7027f6479ff397dd1617a503bfb7591265bb3e
    name: openblas-threads
    evr: 0.3.29-1.el9
    sourcerpm: openblas-0.3.29-1.el9.src.rpm
  - url: https://cdn-ubi.redhat.com/content/public/ubi/dist/ubi9/9/ppc64le/codeready-builder/os/Packages/o/openblas-threads64-0.3.29-1.el9.ppc64le.rpm
    repoid: ubi-9-codeready-builder-rpms
    size: 4596722
    checksum: sha256:f2e424cbb47022aa169c618387cd9b55766526ae67ac560c967a3c94664c1026
    name: openblas-threads64
    evr: 0.3.29-1.el9
    sourcerpm: openblas-0.3.29-1.el9.src.rpm
  - url: https://cdn-ubi.redhat.com/content/public/ubi/dist/ubi9/9/ppc64le/codeready-builder/os/Packages/o/openblas-threads64_-0.3.29-1.el9.ppc64le.rpm
    repoid: ubi-9-codeready-builder-rpms
    size: 4587923
    checksum: sha256:e607376c37c0a29bc9817b6c3ae4ef750c2a8e73224e16ce810419a9d441e756
    name: openblas-threads64_
    evr: 0.3.29-1.el9
    sourcerpm: openblas-0.3.29-1.el9.src.rpm
  source:
  - url: https://cdn-ubi.redhat.com/content/public/ubi/dist/ubi9/9/ppc64le/appstream/source/SRPMS/Packages/o/openblas-0.3.29-1.el9.src.rpm
    repoid: ubi-9-appstream-source-rpms
    size: 23777279
    checksum: sha256:4a1fd34e0b3bf712dc3810823ec4c57df6806c6110d30d160ffc91face8f80bd
    name: openblas
    evr: 0.3.29-1.el9
  module_metadata: []
- arch: x86_64
  packages:
  - url: https://cdn-ubi.redhat.com/content/public/ubi/dist/ubi9/9/x86_64/appstream/os/Packages/o/openblas-0.3.29-1.el9.x86_64.rpm
    repoid: ubi-9-appstream-rpms
    size: 43115
    checksum: sha256:8e0936be32a50acb14286520fa8334b9f2d89bae1d6ae0c2ca6f4ddbe931beab
    name: openblas
    evr: 0.3.29-1.el9
    sourcerpm: openblas-0.3.29-1.el9.src.rpm
  - url: https://cdn-ubi.redhat.com/content/public/ubi/dist/ubi9/9/x86_64/appstream/os/Packages/o/openblas-openmp-0.3.29-1.el9.x86_64.rpm
    repoid: ubi-9-appstream-rpms
    size: 5540681
    checksum: sha256:fbe0137413e1889bcc06a7198423ecda043e820edee976cbf5b931454ee36601
    name: openblas-openmp
    evr: 0.3.29-1.el9
    sourcerpm: openblas-0.3.29-1.el9.src.rpm
  - url: https://cdn-ubi.redhat.com/content/public/ubi/dist/ubi9/9/x86_64/appstream/os/Packages/o/openblas-openmp64-0.3.29-1.el9.x86_64.rpm
    repoid: ubi-9-appstream-rpms
    size: 5410045
    checksum: sha256:711c27431cb705aeac9f7617b957c83d10dbbfa1c1d75272fd4be7a33afd66b9
    name: openblas-openmp64
    evr: 0.3.29-1.el9
    sourcerpm: openblas-0.3.29-1.el9.src.rpm
  - url: https://cdn-ubi.redhat.com/content/public/ubi/dist/ubi9/9/x86_64/appstream/os/Packages/o/openblas-serial-0.3.29-1.el9.x86_64.rpm
    repoid: ubi-9-appstream-rpms
    size: 5284997
    checksum: sha256:5a27238ce32d2ae7c7309df1c8809f5b4d42dd340c53c90e9c0721820fc81179
    name: openblas-serial
    evr: 0.3.29-1.el9
    sourcerpm: openblas-0.3.29-1.el9.src.rpm
  - url: https://cdn-ubi.redhat.com/content/public/ubi/dist/ubi9/9/x86_64/codeready-builder/os/Packages/o/openblas-devel-0.3.29-1.el9.x86_64.rpm
    repoid: ubi-9-codeready-builder-rpms
    size: 86337
    checksum: sha256:6164d97d54dc09830de7ecf5409167da6e2d6a5826c4d603f20c307b66961521
    name: openblas-devel
    evr: 0.3.29-1.el9
    sourcerpm: openblas-0.3.29-1.el9.src.rpm
  - url: https://cdn-ubi.redhat.com/content/public/ubi/dist/ubi9/9/x86_64/codeready-builder/os/Packages/o/openblas-openmp64_-0.3.29-1.el9.x86_64.rpm
    repoid: ubi-9-codeready-builder-rpms
    size: 5399412
    checksum: sha256:2247895f362667a2d5ec14d0a4cd6246c954c58e1e024d4bd19c21a960dc577b
    name: openblas-openmp64_
    evr: 0.3.29-1.el9
    sourcerpm: openblas-0.3.29-1.el9.src.rpm
  - url: https://cdn-ubi.redhat.com/content/public/ubi/dist/ubi9/9/x86_64/codeready-builder/os/Packages/o/openblas-serial64-0.3.29-1.el9.x86_64.rpm
    repoid: ubi-9-codeready-builder-rpms
    size: 5165804
    checksum: sha256:a3a5b9ca0b858962ae082cbe830d9649b094fda9fde98735f4ce2440ab245224
    name: openblas-serial64
    evr: 0.3.29-1.el9
    sourcerpm: openblas-0.3.29-1.el9.src.rpm
  - url: https://cdn-ubi.redhat.com/content/public/ubi/dist/ubi9/9/x86_64/codeready-builder/os/Packages/o/openblas-serial64_-0.3.29-1.el9.x86_64.rpm
    repoid: ubi-9-codeready-builder-rpms
    size: 5146655
    checksum: sha256:36d279ad9b578ac857be526d96464e035d8b8f15fc23a643b43a6ddbd16d1133
    name: openblas-serial64_
    evr: 0.3.29-1.el9
    sourcerpm: openblas-0.3.29-1.el9.src.rpm
  - url: https://cdn-ubi.redhat.com/content/public/ubi/dist/ubi9/9/x86_64/codeready-builder/os/Packages/o/openblas-threads-0.3.29-1.el9.x86_64.rpm
    repoid: ubi-9-codeready-builder-rpms
    size: 5526706
    checksum: sha256:143aa15bdcd6ca40169a9e7c225604fa934907398e57dd7091853c55f648904c
    name: openblas-threads
    evr: 0.3.29-1.el9
    sourcerpm: openblas-0.3.29-1.el9.src.rpm
  - url: https://cdn-ubi.redhat.com/content/public/ubi/dist/ubi9/9/x86_64/codeready-builder/os/Packages/o/openblas-threads64-0.3.29-1.el9.x86_64.rpm
    repoid: ubi-9-codeready-builder-rpms
    size: 5394849
    checksum: sha256:b4aa939830f27a068df03016d2f6d56c70c106007f893a3270c3a39fef766b6c
    name: openblas-threads64
    evr: 0.3.29-1.el9
    sourcerpm: openblas-0.3.29-1.el9.src.rpm
  - url: https://cdn-ubi.redhat.com/content/public/ubi/dist/ubi9/9/x86_64/codeready-builder/os/Packages/o/openblas-threads64_-0.3.29-1.el9.x86_64.rpm
    repoid: ubi-9-codeready-builder-rpms
    size: 5382065
    checksum: sha256:c255f7e8b68aca61e2cf65bb044d4b372d1f8e53fd84ad4083f98c98896db57b
    name: openblas-threads64_
    evr: 0.3.29-1.el9
    sourcerpm: openblas-0.3.29-1.el9.src.rpm
  source:
  - url: https://cdn-ubi.redhat.com/content/public/ubi/dist/ubi9/9/x86_64/appstream/source/SRPMS/Packages/o/openblas-0.3.29-1.el9.src.rpm
    repoid: ubi-9-appstream-source-rpms
    size: 23777279
    checksum: sha256:4a1fd34e0b3bf712dc3810823ec4c57df6806c6110d30d160ffc91face8f80bd
    name: openblas
    evr: 0.3.29-1.el9
  module_metadata: []
